
Microsoft Visual Studio Solution File, Format Version 12.00
# Visual Studio Version 17
VisualStudioVersion = 17.14.36623.8
MinimumVisualStudioVersion = 10.0.40219.1
Project("{FAE04EC0-301F-11D3-BF4B-00C04F79EFBC}") = "FilteringNumbers", "FilteringNumbers\FilteringNumbers.csproj", "{C09734D3-DD4B-45D0-96BE-CFA6BCB229BE}"
EndProject
Project("{FAE04EC0-301F-11D3-BF4B-00C04F79EFBC}") = "FilteringNumbers.test", "FilteringNumbers.test\FilteringNumbers.test.csproj", "{EB829B1E-0BF1-4110-BAC4-4AB5C98C6950}"
EndProject
Project("{2150E333-8FDC-42A3-9474-1A3956D46DE8}") = "Solution Item", "Solution Item", "{02EA681E-C7D8-13C7-8484-4AC65E1B71E8}"
	ProjectSection(SolutionItems) = preProject
		README.md = README.md
	EndProjectSection
EndProject
Global
	GlobalSection(SolutionConfigurationPlatforms) = preSolution
		Debug|Any CPU = Debug|Any CPU
		Release|Any CPU = Release|Any CPU
	EndGlobalSection
	GlobalSection(ProjectConfigurationPlatforms) = postSolution
		{C09734D3-DD4B-45D0-96BE-CFA6BCB229BE}.Debug|Any CPU.ActiveCfg = Debug|Any CPU
		{C09734D3-DD4B-45D0-96BE-CFA6BCB229BE}.Debug|Any CPU.Build.0 = Debug|Any CPU
		{C09734D3-DD4B-45D0-96BE-CFA6BCB229BE}.Release|Any CPU.ActiveCfg = Release|Any CPU
		{C09734D3-DD4B-45D0-96BE-CFA6BCB229BE}.Release|Any CPU.Build.0 = Release|Any CPU
		{EB829B1E-0BF1-4110-BAC4-4AB5C98C6950}.Debug|Any CPU.ActiveCfg = Debug|Any CPU
		{EB829B1E-0BF1-4110-BAC4-4AB5C98C6950}.Debug|Any CPU.Build.0 = Debug|Any CPU
		{EB829B1E-0BF1-4110-BAC4-4AB5C98C6950}.Release|Any CPU.ActiveCfg = Release|Any CPU
		{EB829B1E-0BF1-4110-BAC4-4AB5C98C6950}.Release|Any CPU.Build.0 = Release|Any CPU
	EndGlobalSection
	GlobalSection(SolutionProperties) = preSolution
		HideSolutionNode = FALSE
	EndGlobalSection
	GlobalSection(ExtensibilityGlobals) = postSolution
		SolutionGuid = {87F722A1-8777-4C69-8ED7-841427859F72}
	EndGlobalSection
EndGlobal
